Microsoft Visual Studio Solution File, Format Version 11.00
# Visual Studio 2008

Project("{F3B50535-5FD0-DDA8-BD31-A2825503F8EB}") = "Dismantling", "Assembly-CSharp.csproj", "{DA1686E0-E92B-2BFD-2E7F-FA411B0FC1A2}"
EndProject
Project("{F3B50535-5FD0-DDA8-BD31-A2825503F8EB}") = "Dismantling", "Assembly-CSharp-Editor.csproj", "{68AD4D91-941D-152C-72A0-16680E7F453D}"
EndProject
Global
	GlobalSection(SolutionConfigurationPlatforms) = preSolution
		Debug|Any CPU = Debug|Any CPU
		Release|Any CPU = Release|Any CPU
	EndGlobalSection
	GlobalSection(ProjectConfigurationPlatforms) = postSolution
		{DA1686E0-E92B-2BFD-2E7F-FA411B0FC1A2}.Debug|Any CPU.ActiveCfg = Debug|Any CPU
		{DA1686E0-E92B-2BFD-2E7F-FA411B0FC1A2}.Debug|Any CPU.Build.0 = Debug|Any CPU
		{DA1686E0-E92B-2BFD-2E7F-FA411B0FC1A2}.Release|Any CPU.ActiveCfg = Release|Any CPU
		{DA1686E0-E92B-2BFD-2E7F-FA411B0FC1A2}.Release|Any CPU.Build.0 = Release|Any CPU
		{68AD4D91-941D-152C-72A0-16680E7F453D}.Debug|Any CPU.ActiveCfg = Debug|Any CPU
		{68AD4D91-941D-152C-72A0-16680E7F453D}.Debug|Any CPU.Build.0 = Debug|Any CPU
		{68AD4D91-941D-152C-72A0-16680E7F453D}.Release|Any CPU.ActiveCfg = Release|Any CPU
		{68AD4D91-941D-152C-72A0-16680E7F453D}.Release|Any CPU.Build.0 = Release|Any CPU
	EndGlobalSection
	GlobalSection(SolutionProperties) = preSolution
		HideSolutionNode = FALSE
	EndGlobalSection
	GlobalSection(MonoDevelopProperties) = preSolution
		StartupItem = Assembly-CSharp.csproj
	EndGlobalSection
EndGlobal
